{
  "originHash" : "1dbdc7dd7c5a16b91647525a531257e6c081bf1e9f28897dc0a3b752c07a7bb8",
  "pins" : [
    {
      "identity" : "matrix-rust-components-swift",
      "kind" : "remoteSourceControl",
      "location" : "https://github.com/matrix-org/matrix-rust-components-swift/",
      "state" : {
        "revision" : "8cb0c20fce22ad9fa6796a7dbd7880b4c0537182",
        "version" : "1.1.69"
      }
    }
  ],
  "version" : 3
}
