{
  "originHash" : "75b27d629a86c5628ee31e3eac8d277bca8fccdb2c9722b589afd493c24e1492",
  "pins" : [
    {
      "identity" : "matrix-rust-components-swift",
      "kind" : "remoteSourceControl",
      "location" : "https://github.com/element-hq/matrix-rust-components-swift",
      "state" : {
        "revision" : "e1aa005300f7c5d38ac8203a1668df99fff21bd4",
        "version" : "1.0.11"
      }
    }
  ],
  "version" : 3
}
