{
  "originHash" : "a9a6a2e67bfc1f5496a0a76f2651ac18ffde2cf8b9c1c1bb528ec9d20329a7c0",
  "pins" : [
    {
      "identity" : "kingfisher",
      "kind" : "remoteSourceControl",
      "location" : "https://github.com/onevcat/Kingfisher.git",
      "state" : {
        "revision" : "7deda23bbdca612076c5c315003d8638a08ed0f1",
        "version" : "8.3.2"
      }
    },
    {
      "identity" : "matrix-rust-components-swift",
      "kind" : "remoteSourceControl",
      "location" : "https://github.com/matrix-org/matrix-rust-components-swift/",
      "state" : {
        "revision" : "671e6ba8821c10f69ab3802b6d880b01447aba1b",
        "version" : "25.4.16"
      }
    }
  ],
  "version" : 3
}
