// !$*UTF8*$!
{
	archiveVersion = 1;
	classes = {
	};
	objectVersion = 56;
	objects = {

/* Begin PBXBuildFile section */
		F101576A2C6B8ED000763A01 /* HomeViewModel.swift in Sources */ = {isa = PBXBuildFile; fileRef = F10157692C6B8ED000763A01 /* HomeViewModel.swift */; };
		F101576C2C6B907A00763A01 /* AppView.swift in Sources */ = {isa = PBXBuildFile; fileRef = F101576B2C6B907A00763A01 /* AppView.swift */; };
		F15665AA2C65BE50002D4984 /* MatrixSivApp.swift in Sources */ = {isa = PBXBuildFile; fileRef = F15665A92C65BE50002D4984 /* MatrixSivApp.swift */; };
		F15665AC2C65BE50002D4984 /* ContentView.swift in Sources */ = {isa = PBXBuildFile; fileRef = F15665AB2C65BE50002D4984 /* ContentView.swift */; };
		F15665AE2C65BE50002D4984 /* Item.swift in Sources */ = {isa = PBXBuildFile; fileRef = F15665AD2C65BE50002D4984 /* Item.swift */; };
		F15665B02C65BE51002D4984 /* Assets.xcassets in Resources */ = {isa = PBXBuildFile; fileRef = F15665AF2C65BE51002D4984 /* Assets.xcassets */; };
		F15665B42C65BE51002D4984 /* Preview Assets.xcassets in Resources */ = {isa = PBXBuildFile; fileRef = F15665B32C65BE51002D4984 /* Preview Assets.xcassets */; };
		F15665BE2C65BE51002D4984 /* MatrixSivTests.swift in Sources */ = {isa = PBXBuildFile; fileRef = F15665BD2C65BE51002D4984 /* MatrixSivTests.swift */; };
		F15665C82C65BE51002D4984 /* MatrixSivUITests.swift in Sources */ = {isa = PBXBuildFile; fileRef = F15665C72C65BE51002D4984 /* MatrixSivUITests.swift */; };
		F15665CA2C65BE51002D4984 /* MatrixSivUITestsLaunchTests.swift in Sources */ = {isa = PBXBuildFile; fileRef = F15665C92C65BE51002D4984 /* MatrixSivUITestsLaunchTests.swift */; };
		F15ED2432C65FF6400D9EE5B /* Home.swift in Sources */ = {isa = PBXBuildFile; fileRef = F15ED2422C65FF6400D9EE5B /* Home.swift */; };
		F1B5F1B62C6C7CCD006F093A /* MatrixRustSDK in Frameworks */ = {isa = PBXBuildFile; productRef = F1B5F1B52C6C7CCD006F093A /* MatrixRustSDK */; };
/* End PBXBuildFile section */

/* Begin PBXContainerItemProxy section */
		F15665BA2C65BE51002D4984 /* PBXContainerItemProxy */ = {
			isa = PBXContainerItemProxy;
			containerPortal = F156659E2C65BE50002D4984 /* Project object */;
			proxyType = 1;
			remoteGlobalIDString = F15665A52C65BE50002D4984;
			remoteInfo = MatrixSiv;
		};
		F15665C42C65BE51002D4984 /* PBXContainerItemProxy */ = {
			isa = PBXContainerItemProxy;
			containerPortal = F156659E2C65BE50002D4984 /* Project object */;
			proxyType = 1;
			remoteGlobalIDString = F15665A52C65BE50002D4984;
			remoteInfo = MatrixSiv;
		};
/* End PBXContainerItemProxy section */

/* Begin PBXFileReference section */
		F10157692C6B8ED000763A01 /* HomeViewModel.swift */ = {isa = PBXFileReference; lastKnownFileType = sourcecode.swift; path = HomeViewModel.swift; sourceTree = "<group>"; };
		F101576B2C6B907A00763A01 /* AppView.swift */ = {isa = PBXFileReference; lastKnownFileType = sourcecode.swift; path = AppView.swift; sourceTree = "<group>"; };
		F15665A62C65BE50002D4984 /* MatrixSiv.app */ = {isa = PBXFileReference; explicitFileType = wrapper.application; includeInIndex = 0; path = MatrixSiv.app; sourceTree = BUILT_PRODUCTS_DIR; };
		F15665A92C65BE50002D4984 /* MatrixSivApp.swift */ = {isa = PBXFileReference; lastKnownFileType = sourcecode.swift; path = MatrixSivApp.swift; sourceTree = "<group>"; };
		F15665AB2C65BE50002D4984 /* ContentView.swift */ = {isa = PBXFileReference; lastKnownFileType = sourcecode.swift; path = ContentView.swift; sourceTree = "<group>"; };
		F15665AD2C65BE50002D4984 /* Item.swift */ = {isa = PBXFileReference; lastKnownFileType = sourcecode.swift; path = Item.swift; sourceTree = "<group>"; };
		F15665AF2C65BE51002D4984 /* Assets.xcassets */ = {isa = PBXFileReference; lastKnownFileType = folder.assetcatalog; path = Assets.xcassets; sourceTree = "<group>"; };
		F15665B12C65BE51002D4984 /* MatrixSiv.entitlements */ = {isa = PBXFileReference; lastKnownFileType = text.plist.entitlements; path = MatrixSiv.entitlements; sourceTree = "<group>"; };
		F15665B32C65BE51002D4984 /* Preview Assets.xcassets */ = {isa = PBXFileReference; lastKnownFileType = folder.assetcatalog; path = "Preview Assets.xcassets"; sourceTree = "<group>"; };
		F15665B92C65BE51002D4984 /* MatrixSivTests.xctest */ = {isa = PBXFileReference; explicitFileType = wrapper.cfbundle; includeInIndex = 0; path = MatrixSivTests.xctest; sourceTree = BUILT_PRODUCTS_DIR; };
		F15665BD2C65BE51002D4984 /* MatrixSivTests.swift */ = {isa = PBXFileReference; lastKnownFileType = sourcecode.swift; path = MatrixSivTests.swift; sourceTree = "<group>"; };
		F15665C32C65BE51002D4984 /* MatrixSivUITests.xctest */ = {isa = PBXFileReference; explicitFileType = wrapper.cfbundle; includeInIndex = 0; path = MatrixSivUITests.xctest; sourceTree = BUILT_PRODUCTS_DIR; };
		F15665C72C65BE51002D4984 /* MatrixSivUITests.swift */ = {isa = PBXFileReference; lastKnownFileType = sourcecode.swift; path = MatrixSivUITests.swift; sourceTree = "<group>"; };
		F15665C92C65BE51002D4984 /* MatrixSivUITestsLaunchTests.swift */ = {isa = PBXFileReference; lastKnownFileType = sourcecode.swift; path = MatrixSivUITestsLaunchTests.swift; sourceTree = "<group>"; };
		F15ED2422C65FF6400D9EE5B /* Home.swift */ = {isa = PBXFileReference; lastKnownFileType = sourcecode.swift; path = Home.swift; sourceTree = "<group>"; };
/* End PBXFileReference section */

/* Begin PBXFrameworksBuildPhase section */
		F15665A32C65BE50002D4984 /* Frameworks */ = {
			isa = PBXFrameworksBuildPhase;
			buildActionMask = 2147483647;
			files = (
				F1B5F1B62C6C7CCD006F093A /* MatrixRustSDK in Frameworks */,
			);
			runOnlyForDeploymentPostprocessing = 0;
		};
		F15665B62C65BE51002D4984 /* Frameworks */ = {
			isa = PBXFrameworksBuildPhase;
			buildActionMask = 2147483647;
			files = (
			);
			runOnlyForDeploymentPostprocessing = 0;
		};
		F15665C02C65BE51002D4984 /* Frameworks */ = {
			isa = PBXFrameworksBuildPhase;
			buildActionMask = 2147483647;
			files = (
			);
			runOnlyForDeploymentPostprocessing = 0;
		};
/* End PBXFrameworksBuildPhase section */

/* Begin PBXGroup section */
		F156659D2C65BE50002D4984 = {
			isa = PBXGroup;
			children = (
				F15665A82C65BE50002D4984 /* MatrixSiv */,
				F15665BC2C65BE51002D4984 /* MatrixSivTests */,
				F15665C62C65BE51002D4984 /* MatrixSivUITests */,
				F15665A72C65BE50002D4984 /* Products */,
			);
			sourceTree = "<group>";
		};
		F15665A72C65BE50002D4984 /* Products */ = {
			isa = PBXGroup;
			children = (
				F15665A62C65BE50002D4984 /* MatrixSiv.app */,
				F15665B92C65BE51002D4984 /* MatrixSivTests.xctest */,
				F15665C32C65BE51002D4984 /* MatrixSivUITests.xctest */,
			);
			name = Products;
			sourceTree = "<group>";
		};
		F15665A82C65BE50002D4984 /* MatrixSiv */ = {
			isa = PBXGroup;
			children = (
				F15665A92C65BE50002D4984 /* MatrixSivApp.swift */,
				F15ED2422C65FF6400D9EE5B /* Home.swift */,
				F101576B2C6B907A00763A01 /* AppView.swift */,
				F10157692C6B8ED000763A01 /* HomeViewModel.swift */,
				F15665AB2C65BE50002D4984 /* ContentView.swift */,
				F15665AD2C65BE50002D4984 /* Item.swift */,
				F15665AF2C65BE51002D4984 /* Assets.xcassets */,
				F15665B12C65BE51002D4984 /* MatrixSiv.entitlements */,
				F15665B22C65BE51002D4984 /* Preview Content */,
			);
			path = MatrixSiv;
			sourceTree = "<group>";
		};
		F15665B22C65BE51002D4984 /* Preview Content */ = {
			isa = PBXGroup;
			children = (
				F15665B32C65BE51002D4984 /* Preview Assets.xcassets */,
			);
			path = "Preview Content";
			sourceTree = "<group>";
		};
		F15665BC2C65BE51002D4984 /* MatrixSivTests */ = {
			isa = PBXGroup;
			children = (
				F15665BD2C65BE51002D4984 /* MatrixSivTests.swift */,
			);
			path = MatrixSivTests;
			sourceTree = "<group>";
		};
		F15665C62C65BE51002D4984 /* MatrixSivUITests */ = {
			isa = PBXGroup;
			children = (
				F15665C72C65BE51002D4984 /* MatrixSivUITests.swift */,
				F15665C92C65BE51002D4984 /* MatrixSivUITestsLaunchTests.swift */,
			);
			path = MatrixSivUITests;
			sourceTree = "<group>";
		};
/* End PBXGroup section */

/* Begin PBXNativeTarget section */
		F15665A52C65BE50002D4984 /* MatrixSiv */ = {
			isa = PBXNativeTarget;
			buildConfigurationList = F15665CD2C65BE51002D4984 /* Build configuration list for PBXNativeTarget "MatrixSiv" */;
			buildPhases = (
				F15665A22C65BE50002D4984 /* Sources */,
				F15665A32C65BE50002D4984 /* Frameworks */,
				F15665A42C65BE50002D4984 /* Resources */,
			);
			buildRules = (
			);
			dependencies = (
			);
			name = MatrixSiv;
			packageProductDependencies = (
				F1B5F1B52C6C7CCD006F093A /* MatrixRustSDK */,
			);
			productName = MatrixSiv;
			productReference = F15665A62C65BE50002D4984 /* MatrixSiv.app */;
			productType = "com.apple.product-type.application";
		};
		F15665B82C65BE51002D4984 /* MatrixSivTests */ = {
			isa = PBXNativeTarget;
			buildConfigurationList = F15665D02C65BE51002D4984 /* Build configuration list for PBXNativeTarget "MatrixSivTests" */;
			buildPhases = (
				F15665B52C65BE51002D4984 /* Sources */,
				F15665B62C65BE51002D4984 /* Frameworks */,
				F15665B72C65BE51002D4984 /* Resources */,
			);
			buildRules = (
			);
			dependencies = (
				F15665BB2C65BE51002D4984 /* PBXTargetDependency */,
			);
			name = MatrixSivTests;
			productName = MatrixSivTests;
			productReference = F15665B92C65BE51002D4984 /* MatrixSivTests.xctest */;
			productType = "com.apple.product-type.bundle.unit-test";
		};
		F15665C22C65BE51002D4984 /* MatrixSivUITests */ = {
			isa = PBXNativeTarget;
			buildConfigurationList = F15665D32C65BE51002D4984 /* Build configuration list for PBXNativeTarget "MatrixSivUITests" */;
			buildPhases = (
				F15665BF2C65BE51002D4984 /* Sources */,
				F15665C02C65BE51002D4984 /* Frameworks */,
				F15665C12C65BE51002D4984 /* Resources */,
			);
			buildRules = (
			);
			dependencies = (
				F15665C52C65BE51002D4984 /* PBXTargetDependency */,
			);
			name = MatrixSivUITests;
			productName = MatrixSivUITests;
			productReference = F15665C32C65BE51002D4984 /* MatrixSivUITests.xctest */;
			productType = "com.apple.product-type.bundle.ui-testing";
		};
/* End PBXNativeTarget section */

/* Begin PBXProject section */
		F156659E2C65BE50002D4984 /* Project object */ = {
			isa = PBXProject;
			attributes = {
				BuildIndependentTargetsInParallel = 1;
				LastSwiftUpdateCheck = 1530;
				LastUpgradeCheck = 1530;
				TargetAttributes = {
					F15665A52C65BE50002D4984 = {
						CreatedOnToolsVersion = 15.3;
					};
					F15665B82C65BE51002D4984 = {
						CreatedOnToolsVersion = 15.3;
						TestTargetID = F15665A52C65BE50002D4984;
					};
					F15665C22C65BE51002D4984 = {
						CreatedOnToolsVersion = 15.3;
						TestTargetID = F15665A52C65BE50002D4984;
					};
				};
			};
			buildConfigurationList = F15665A12C65BE50002D4984 /* Build configuration list for PBXProject "MatrixSiv" */;
			compatibilityVersion = "Xcode 14.0";
			developmentRegion = en;
			hasScannedForEncodings = 0;
			knownRegions = (
				en,
				Base,
			);
			mainGroup = F156659D2C65BE50002D4984;
			packageReferences = (
				F1B5F1B42C6C7CCD006F093A /* XCRemoteSwiftPackageReference "matrix-rust-components-swift" */,
			);
			productRefGroup = F15665A72C65BE50002D4984 /* Products */;
			projectDirPath = "";
			projectRoot = "";
			targets = (
				F15665A52C65BE50002D4984 /* MatrixSiv */,
				F15665B82C65BE51002D4984 /* MatrixSivTests */,
				F15665C22C65BE51002D4984 /* MatrixSivUITests */,
			);
		};
/* End PBXProject section */

/* Begin PBXResourcesBuildPhase section */
		F15665A42C65BE50002D4984 /* Resources */ = {
			isa = PBXResourcesBuildPhase;
			buildActionMask = 2147483647;
			files = (
				F15665B42C65BE51002D4984 /* Preview Assets.xcassets in Resources */,
				F15665B02C65BE51002D4984 /* Assets.xcassets in Resources */,
			);
			runOnlyForDeploymentPostprocessing = 0;
		};
		F15665B72C65BE51002D4984 /* Resources */ = {
			isa = PBXResourcesBuildPhase;
			buildActionMask = 2147483647;
			files = (
			);
			runOnlyForDeploymentPostprocessing = 0;
		};
		F15665C12C65BE51002D4984 /* Resources */ = {
			isa = PBXResourcesBuildPhase;
			buildActionMask = 2147483647;
			files = (
			);
			runOnlyForDeploymentPostprocessing = 0;
		};
/* End PBXResourcesBuildPhase section */

/* Begin PBXSourcesBuildPhase section */
		F15665A22C65BE50002D4984 /* Sources */ = {
			isa = PBXSourcesBuildPhase;
			buildActionMask = 2147483647;
			files = (
				F15665AC2C65BE50002D4984 /* ContentView.swift in Sources */,
				F15665AE2C65BE50002D4984 /* Item.swift in Sources */,
				F101576C2C6B907A00763A01 /* AppView.swift in Sources */,
				F15ED2432C65FF6400D9EE5B /* Home.swift in Sources */,
				F101576A2C6B8ED000763A01 /* HomeViewModel.swift in Sources */,
				F15665AA2C65BE50002D4984 /* MatrixSivApp.swift in Sources */,
			);
			runOnlyForDeploymentPostprocessing = 0;
		};
		F15665B52C65BE51002D4984 /* Sources */ = {
			isa = PBXSourcesBuildPhase;
			buildActionMask = 2147483647;
			files = (
				F15665BE2C65BE51002D4984 /* MatrixSivTests.swift in Sources */,
			);
			runOnlyForDeploymentPostprocessing = 0;
		};
		F15665BF2C65BE51002D4984 /* Sources */ = {
			isa = PBXSourcesBuildPhase;
			buildActionMask = 2147483647;
			files = (
				F15665CA2C65BE51002D4984 /* MatrixSivUITestsLaunchTests.swift in Sources */,
				F15665C82C65BE51002D4984 /* MatrixSivUITests.swift in Sources */,
			);
			runOnlyForDeploymentPostprocessing = 0;
		};
/* End PBXSourcesBuildPhase section */

/* Begin PBXTargetDependency section */
		F15665BB2C65BE51002D4984 /* PBXTargetDependency */ = {
			isa = PBXTargetDependency;
			target = F15665A52C65BE50002D4984 /* MatrixSiv */;
			targetProxy = F15665BA2C65BE51002D4984 /* PBXContainerItemProxy */;
		};
		F15665C52C65BE51002D4984 /* PBXTargetDependency */ = {
			isa = PBXTargetDependency;
			target = F15665A52C65BE50002D4984 /* MatrixSiv */;
			targetProxy = F15665C42C65BE51002D4984 /* PBXContainerItemProxy */;
		};
/* End PBXTargetDependency section */

/* Begin XCBuildConfiguration section */
		F15665CB2C65BE51002D4984 /* Debug */ = {
			isa = XCBuildConfiguration;
			buildSettings = {
				ALWAYS_SEARCH_USER_PATHS = NO;
				ASSETCATALOG_COMPILER_GENERATE_SWIFT_ASSET_SYMBOL_EXTENSIONS = YES;
				CLANG_ANALYZER_NONNULL = YES;
				CLANG_ANALYZER_NUMBER_OBJECT_CONVERSION = YES_AGGRESSIVE;
				CLANG_CXX_LANGUAGE_STANDARD = "gnu++20";
				CLANG_ENABLE_MODULES = YES;
				CLANG_ENABLE_OBJC_ARC = YES;
				CLANG_ENABLE_OBJC_WEAK = YES;
				CLANG_WARN_BLOCK_CAPTURE_AUTORELEASING = YES;
				CLANG_WARN_BOOL_CONVERSION = YES;
				CLANG_WARN_COMMA = YES;
				CLANG_WARN_CONSTANT_CONVERSION = YES;
				CLANG_WARN_DEPRECATED_OBJC_IMPLEMENTATIONS = YES;
				CLANG_WARN_DIRECT_OBJC_ISA_USAGE = YES_ERROR;
				CLANG_WARN_DOCUMENTATION_COMMENTS = YES;
				CLANG_WARN_EMPTY_BODY = YES;
				CLANG_WARN_ENUM_CONVERSION = YES;
				CLANG_WARN_INFINITE_RECURSION = YES;
				CLANG_WARN_INT_CONVERSION = YES;
				CLANG_WARN_NON_LITERAL_NULL_CONVERSION = YES;
				CLANG_WARN_OBJC_IMPLICIT_RETAIN_SELF = YES;
				CLANG_WARN_OBJC_LITERAL_CONVERSION = YES;
				CLANG_WARN_OBJC_ROOT_CLASS = YES_ERROR;
				CLANG_WARN_QUOTED_INCLUDE_IN_FRAMEWORK_HEADER = YES;
				CLANG_WARN_RANGE_LOOP_ANALYSIS = YES;
				CLANG_WARN_STRICT_PROTOTYPES = YES;
				CLANG_WARN_SUSPICIOUS_MOVE = YES;
				CLANG_WARN_UNGUARDED_AVAILABILITY = YES_AGGRESSIVE;
				CLANG_WARN_UNREACHABLE_CODE = YES;
				CLANG_WARN__DUPLICATE_METHOD_MATCH = YES;
				COPY_PHASE_STRIP = NO;
				DEBUG_INFORMATION_FORMAT = dwarf;
				ENABLE_STRICT_OBJC_MSGSEND = YES;
				ENABLE_TESTABILITY = YES;
				ENABLE_USER_SCRIPT_SANDBOXING = YES;
				GCC_C_LANGUAGE_STANDARD = gnu17;
				GCC_DYNAMIC_NO_PIC = NO;
				GCC_NO_COMMON_BLOCKS = YES;
				GCC_OPTIMIZATION_LEVEL = 0;
				GCC_PREPROCESSOR_DEFINITIONS = (
					"DEBUG=1",
					"$(inherited)",
				);
				GCC_WARN_64_TO_32_BIT_CONVERSION = YES;
				GCC_WARN_ABOUT_RETURN_TYPE = YES_ERROR;
				GCC_WARN_UNDECLARED_SELECTOR = YES;
				GCC_WARN_UNINITIALIZED_AUTOS = YES_AGGRESSIVE;
				GCC_WARN_UNUSED_FUNCTION = YES;
				GCC_WARN_UNUSED_VARIABLE = YES;
				LOCALIZATION_PREFERS_STRING_CATALOGS = YES;
				MTL_ENABLE_DEBUG_INFO = INCLUDE_SOURCE;
				MTL_FAST_MATH = YES;
				ONLY_ACTIVE_ARCH = YES;
				SWIFT_ACTIVE_COMPILATION_CONDITIONS = "DEBUG $(inherited)";
				SWIFT_OPTIMIZATION_LEVEL = "-Onone";
			};
			name = Debug;
		};
		F15665CC2C65BE51002D4984 /* Release */ = {
			isa = XCBuildConfiguration;
			buildSettings = {
				ALWAYS_SEARCH_USER_PATHS = NO;
				ASSETCATALOG_COMPILER_GENERATE_SWIFT_ASSET_SYMBOL_EXTENSIONS = YES;
				CLANG_ANALYZER_NONNULL = YES;
				CLANG_ANALYZER_NUMBER_OBJECT_CONVERSION = YES_AGGRESSIVE;
				CLANG_CXX_LANGUAGE_STANDARD = "gnu++20";
				CLANG_ENABLE_MODULES = YES;
				CLANG_ENABLE_OBJC_ARC = YES;
				CLANG_ENABLE_OBJC_WEAK = YES;
				CLANG_WARN_BLOCK_CAPTURE_AUTORELEASING = YES;
				CLANG_WARN_BOOL_CONVERSION = YES;
				CLANG_WARN_COMMA = YES;
				CLANG_WARN_CONSTANT_CONVERSION = YES;
				CLANG_WARN_DEPRECATED_OBJC_IMPLEMENTATIONS = YES;
				CLANG_WARN_DIRECT_OBJC_ISA_USAGE = YES_ERROR;
				CLANG_WARN_DOCUMENTATION_COMMENTS = YES;
				CLANG_WARN_EMPTY_BODY = YES;
				CLANG_WARN_ENUM_CONVERSION = YES;
				CLANG_WARN_INFINITE_RECURSION = YES;
				CLANG_WARN_INT_CONVERSION = YES;
				CLANG_WARN_NON_LITERAL_NULL_CONVERSION = YES;
				CLANG_WARN_OBJC_IMPLICIT_RETAIN_SELF = YES;
				CLANG_WARN_OBJC_LITERAL_CONVERSION = YES;
				CLANG_WARN_OBJC_ROOT_CLASS = YES_ERROR;
				CLANG_WARN_QUOTED_INCLUDE_IN_FRAMEWORK_HEADER = YES;
				CLANG_WARN_RANGE_LOOP_ANALYSIS = YES;
				CLANG_WARN_STRICT_PROTOTYPES = YES;
				CLANG_WARN_SUSPICIOUS_MOVE = YES;
				CLANG_WARN_UNGUARDED_AVAILABILITY = YES_AGGRESSIVE;
				CLANG_WARN_UNREACHABLE_CODE = YES;
				CLANG_WARN__DUPLICATE_METHOD_MATCH = YES;
				COPY_PHASE_STRIP = NO;
				DEBUG_INFORMATION_FORMAT = "dwarf-with-dsym";
				ENABLE_NS_ASSERTIONS = NO;
				ENABLE_STRICT_OBJC_MSGSEND = YES;
				ENABLE_USER_SCRIPT_SANDBOXING = YES;
				GCC_C_LANGUAGE_STANDARD = gnu17;
				GCC_NO_COMMON_BLOCKS = YES;
				GCC_WARN_64_TO_32_BIT_CONVERSION = YES;
				GCC_WARN_ABOUT_RETURN_TYPE = YES_ERROR;
				GCC_WARN_UNDECLARED_SELECTOR = YES;
				GCC_WARN_UNINITIALIZED_AUTOS = YES_AGGRESSIVE;
				GCC_WARN_UNUSED_FUNCTION = YES;
				GCC_WARN_UNUSED_VARIABLE = YES;
				LOCALIZATION_PREFERS_STRING_CATALOGS = YES;
				MTL_ENABLE_DEBUG_INFO = NO;
				MTL_FAST_MATH = YES;
				SWIFT_COMPILATION_MODE = wholemodule;
			};
			name = Release;
		};
		F15665CE2C65BE51002D4984 /* Debug */ = {
			isa = XCBuildConfiguration;
			buildSettings = {
				ASSETCATALOG_COMPILER_APPICON_NAME = AppIcon;
				ASSETCATALOG_COMPILER_GLOBAL_ACCENT_COLOR_NAME = AccentColor;
				CODE_SIGN_ENTITLEMENTS = MatrixSiv/MatrixSiv.entitlements;
				CODE_SIGN_STYLE = Automatic;
				CURRENT_PROJECT_VERSION = 1;
				DEVELOPMENT_ASSET_PATHS = "\"MatrixSiv/Preview Content\"";
				DEVELOPMENT_TEAM = 7R8AN2MZA4;
				ENABLE_HARDENED_RUNTIME = YES;
				ENABLE_PREVIEWS = YES;
				GENERATE_INFOPLIST_FILE = YES;
				"INFOPLIST_KEY_UIApplicationSceneManifest_Generation[sdk=iphoneos*]" = YES;
				"INFOPLIST_KEY_UIApplicationSceneManifest_Generation[sdk=iphonesimulator*]" = YES;
				"INFOPLIST_KEY_UIApplicationSupportsIndirectInputEvents[sdk=iphoneos*]" = YES;
				"INFOPLIST_KEY_UIApplicationSupportsIndirectInputEvents[sdk=iphonesimulator*]" = YES;
				"INFOPLIST_KEY_UILaunchScreen_Generation[sdk=iphoneos*]" = YES;
				"INFOPLIST_KEY_UILaunchScreen_Generation[sdk=iphonesimulator*]" = YES;
				"INFOPLIST_KEY_UIStatusBarStyle[sdk=iphoneos*]" = UIStatusBarStyleDefault;
				"INFOPLIST_KEY_UIStatusBarStyle[sdk=iphonesimulator*]" = UIStatusBarStyleDefault;
				INFOPLIST_KEY_UISupportedInterfaceOrientations_iPad = "UIInterfaceOrientationPortrait UIInterfaceOrientationPortraitUpsideDown UIInterfaceOrientationLandscapeLeft UIInterfaceOrientationLandscapeRight";
				INFOPLIST_KEY_UISupportedInterfaceOrientations_iPhone = "UIInterfaceOrientationPortrait UIInterfaceOrientationLandscapeLeft UIInterfaceOrientationLandscapeRight";
				IPHONEOS_DEPLOYMENT_TARGET = 17.4;
				LD_RUNPATH_SEARCH_PATHS = "@executable_path/Frameworks";
				"LD_RUNPATH_SEARCH_PATHS[sdk=macosx*]" = "@executable_path/../Frameworks";
				MACOSX_DEPLOYMENT_TARGET = 14.0;
				MARKETING_VERSION = 1.0;
				PRODUCT_BUNDLE_IDENTIFIER = com.slerpy.MatrixSiv;
				PRODUCT_NAME = "$(TARGET_NAME)";
				SDKROOT = auto;
				SUPPORTED_PLATFORMS = "iphoneos iphonesimulator macosx";
				SWIFT_EMIT_LOC_STRINGS = YES;
				SWIFT_STRICT_CONCURRENCY = complete;
				SWIFT_VERSION = 5.0;
				TARGETED_DEVICE_FAMILY = "1,2";
			};
			name = Debug;
		};
		F15665CF2C65BE51002D4984 /* Release */ = {
			isa = XCBuildConfiguration;
			buildSettings = {
				ASSETCATALOG_COMPILER_APPICON_NAME = AppIcon;
				ASSETCATALOG_COMPILER_GLOBAL_ACCENT_COLOR_NAME = AccentColor;
				CODE_SIGN_ENTITLEMENTS = MatrixSiv/MatrixSiv.entitlements;
				CODE_SIGN_STYLE = Automatic;
				CURRENT_PROJECT_VERSION = 1;
				DEVELOPMENT_ASSET_PATHS = "\"MatrixSiv/Preview Content\"";
				DEVELOPMENT_TEAM = 7R8AN2MZA4;
				ENABLE_HARDENED_RUNTIME = YES;
				ENABLE_PREVIEWS = YES;
				GENERATE_INFOPLIST_FILE = YES;
				"INFOPLIST_KEY_UIApplicationSceneManifest_Generation[sdk=iphoneos*]" = YES;
				"INFOPLIST_KEY_UIApplicationSceneManifest_Generation[sdk=iphonesimulator*]" = YES;
				"INFOPLIST_KEY_UIApplicationSupportsIndirectInputEvents[sdk=iphoneos*]" = YES;
				"INFOPLIST_KEY_UIApplicationSupportsIndirectInputEvents[sdk=iphonesimulator*]" = YES;
				"INFOPLIST_KEY_UILaunchScreen_Generation[sdk=iphoneos*]" = YES;
				"INFOPLIST_KEY_UILaunchScreen_Generation[sdk=iphonesimulator*]" = YES;
				"INFOPLIST_KEY_UIStatusBarStyle[sdk=iphoneos*]" = UIStatusBarStyleDefault;
				"INFOPLIST_KEY_UIStatusBarStyle[sdk=iphonesimulator*]" = UIStatusBarStyleDefault;
				INFOPLIST_KEY_UISupportedInterfaceOrientations_iPad = "UIInterfaceOrientationPortrait UIInterfaceOrientationPortraitUpsideDown UIInterfaceOrientationLandscapeLeft UIInterfaceOrientationLandscapeRight";
				INFOPLIST_KEY_UISupportedInterfaceOrientations_iPhone = "UIInterfaceOrientationPortrait UIInterfaceOrientationLandscapeLeft UIInterfaceOrientationLandscapeRight";
				IPHONEOS_DEPLOYMENT_TARGET = 17.4;
				LD_RUNPATH_SEARCH_PATHS = "@executable_path/Frameworks";
				"LD_RUNPATH_SEARCH_PATHS[sdk=macosx*]" = "@executable_path/../Frameworks";
				MACOSX_DEPLOYMENT_TARGET = 14.0;
				MARKETING_VERSION = 1.0;
				PRODUCT_BUNDLE_IDENTIFIER = com.slerpy.MatrixSiv;
				PRODUCT_NAME = "$(TARGET_NAME)";
				SDKROOT = auto;
				SUPPORTED_PLATFORMS = "iphoneos iphonesimulator macosx";
				SWIFT_EMIT_LOC_STRINGS = YES;
				SWIFT_STRICT_CONCURRENCY = complete;
				SWIFT_VERSION = 5.0;
				TARGETED_DEVICE_FAMILY = "1,2";
			};
			name = Release;
		};
		F15665D12C65BE51002D4984 /* Debug */ = {
			isa = XCBuildConfiguration;
			buildSettings = {
				ALWAYS_EMBED_SWIFT_STANDARD_LIBRARIES = YES;
				BUNDLE_LOADER = "$(TEST_HOST)";
				CODE_SIGN_STYLE = Automatic;
				CURRENT_PROJECT_VERSION = 1;
				DEVELOPMENT_TEAM = 7R8AN2MZA4;
				GENERATE_INFOPLIST_FILE = YES;
				IPHONEOS_DEPLOYMENT_TARGET = 17.4;
				MACOSX_DEPLOYMENT_TARGET = 14.4;
				MARKETING_VERSION = 1.0;
				PRODUCT_BUNDLE_IDENTIFIER = com.slerpy.MatrixSivTests;
				PRODUCT_NAME = "$(TARGET_NAME)";
				SDKROOT = auto;
				SUPPORTED_PLATFORMS = "iphoneos iphonesimulator macosx";
				SWIFT_EMIT_LOC_STRINGS = NO;
				SWIFT_VERSION = 5.0;
				TARGETED_DEVICE_FAMILY = "1,2";
				TEST_HOST = "$(BUILT_PRODUCTS_DIR)/MatrixSiv.app/$(BUNDLE_EXECUTABLE_FOLDER_PATH)/MatrixSiv";
			};
			name = Debug;
		};
		F15665D22C65BE51002D4984 /* Release */ = {
			isa = XCBuildConfiguration;
			buildSettings = {
				ALWAYS_EMBED_SWIFT_STANDARD_LIBRARIES = YES;
				BUNDLE_LOADER = "$(TEST_HOST)";
				CODE_SIGN_STYLE = Automatic;
				CURRENT_PROJECT_VERSION = 1;
				DEVELOPMENT_TEAM = 7R8AN2MZA4;
				GENERATE_INFOPLIST_FILE = YES;
				IPHONEOS_DEPLOYMENT_TARGET = 17.4;
				MACOSX_DEPLOYMENT_TARGET = 14.4;
				MARKETING_VERSION = 1.0;
				PRODUCT_BUNDLE_IDENTIFIER = com.slerpy.MatrixSivTests;
				PRODUCT_NAME = "$(TARGET_NAME)";
				SDKROOT = auto;
				SUPPORTED_PLATFORMS = "iphoneos iphonesimulator macosx";
				SWIFT_EMIT_LOC_STRINGS = NO;
				SWIFT_VERSION = 5.0;
				TARGETED_DEVICE_FAMILY = "1,2";
				TEST_HOST = "$(BUILT_PRODUCTS_DIR)/MatrixSiv.app/$(BUNDLE_EXECUTABLE_FOLDER_PATH)/MatrixSiv";
			};
			name = Release;
		};
		F15665D42C65BE51002D4984 /* Debug */ = {
			isa = XCBuildConfiguration;
			buildSettings = {
				ALWAYS_EMBED_SWIFT_STANDARD_LIBRARIES = YES;
				CODE_SIGN_STYLE = Automatic;
				CURRENT_PROJECT_VERSION = 1;
				DEVELOPMENT_TEAM = 7R8AN2MZA4;
				GENERATE_INFOPLIST_FILE = YES;
				IPHONEOS_DEPLOYMENT_TARGET = 17.4;
				MACOSX_DEPLOYMENT_TARGET = 14.4;
				MARKETING_VERSION = 1.0;
				PRODUCT_BUNDLE_IDENTIFIER = com.slerpy.MatrixSivUITests;
				PRODUCT_NAME = "$(TARGET_NAME)";
				SDKROOT = auto;
				SUPPORTED_PLATFORMS = "iphoneos iphonesimulator macosx";
				SWIFT_EMIT_LOC_STRINGS = NO;
				SWIFT_VERSION = 5.0;
				TARGETED_DEVICE_FAMILY = "1,2";
				TEST_TARGET_NAME = MatrixSiv;
			};
			name = Debug;
		};
		F15665D52C65BE51002D4984 /* Release */ = {
			isa = XCBuildConfiguration;
			buildSettings = {
				ALWAYS_EMBED_SWIFT_STANDARD_LIBRARIES = YES;
				CODE_SIGN_STYLE = Automatic;
				CURRENT_PROJECT_VERSION = 1;
				DEVELOPMENT_TEAM = 7R8AN2MZA4;
				GENERATE_INFOPLIST_FILE = YES;
				IPHONEOS_DEPLOYMENT_TARGET = 17.4;
				MACOSX_DEPLOYMENT_TARGET = 14.4;
				MARKETING_VERSION = 1.0;
				PRODUCT_BUNDLE_IDENTIFIER = com.slerpy.MatrixSivUITests;
				PRODUCT_NAME = "$(TARGET_NAME)";
				SDKROOT = auto;
				SUPPORTED_PLATFORMS = "iphoneos iphonesimulator macosx";
				SWIFT_EMIT_LOC_STRINGS = NO;
				SWIFT_VERSION = 5.0;
				TARGETED_DEVICE_FAMILY = "1,2";
				TEST_TARGET_NAME = MatrixSiv;
			};
			name = Release;
		};
/* End XCBuildConfiguration section */

/* Begin XCConfigurationList section */
		F15665A12C65BE50002D4984 /* Build configuration list for PBXProject "MatrixSiv" */ = {
			isa = XCConfigurationList;
			buildConfigurations = (
				F15665CB2C65BE51002D4984 /* Debug */,
				F15665CC2C65BE51002D4984 /* Release */,
			);
			defaultConfigurationIsVisible = 0;
			defaultConfigurationName = Release;
		};
		F15665CD2C65BE51002D4984 /* Build configuration list for PBXNativeTarget "MatrixSiv" */ = {
			isa = XCConfigurationList;
			buildConfigurations = (
				F15665CE2C65BE51002D4984 /* Debug */,
				F15665CF2C65BE51002D4984 /* Release */,
			);
			defaultConfigurationIsVisible = 0;
			defaultConfigurationName = Release;
		};
		F15665D02C65BE51002D4984 /* Build configuration list for PBXNativeTarget "MatrixSivTests" */ = {
			isa = XCConfigurationList;
			buildConfigurations = (
				F15665D12C65BE51002D4984 /* Debug */,
				F15665D22C65BE51002D4984 /* Release */,
			);
			defaultConfigurationIsVisible = 0;
			defaultConfigurationName = Release;
		};
		F15665D32C65BE51002D4984 /* Build configuration list for PBXNativeTarget "MatrixSivUITests" */ = {
			isa = XCConfigurationList;
			buildConfigurations = (
				F15665D42C65BE51002D4984 /* Debug */,
				F15665D52C65BE51002D4984 /* Release */,
			);
			defaultConfigurationIsVisible = 0;
			defaultConfigurationName = Release;
		};
/* End XCConfigurationList section */

/* Begin XCRemoteSwiftPackageReference section */
		F1B5F1B42C6C7CCD006F093A /* XCRemoteSwiftPackageReference "matrix-rust-components-swift" */ = {
			isa = XCRemoteSwiftPackageReference;
			repositoryURL = "https://github.com/matrix-org/matrix-rust-components-swift/";
			requirement = {
				kind = upToNextMajorVersion;
				minimumVersion = 1.0.0;
			};
		};
/* End XCRemoteSwiftPackageReference section */

/* Begin XCSwiftPackageProductDependency section */
		F1B5F1B52C6C7CCD006F093A /* MatrixRustSDK */ = {
			isa = XCSwiftPackageProductDependency;
			package = F1B5F1B42C6C7CCD006F093A /* XCRemoteSwiftPackageReference "matrix-rust-components-swift" */;
			productName = MatrixRustSDK;
		};
/* End XCSwiftPackageProductDependency section */
	};
	rootObject = F156659E2C65BE50002D4984 /* Project object */;
}
